
Microsoft Visual Studio Solution File, Format Version 12.00
# Visual Studio 15
VisualStudioVersion = 15.0.28307.136
MinimumVisualStudioVersion = 10.0.40219.1
Project("{FAE04EC0-301F-11D3-BF4B-00C04F79EFBC}") = "FruitsBasket", "FruitsBasket\FruitsBasket.csproj", "{179BF85B-E955-4BF6-A5E0-7DAFAF7C66D7}"
EndProject
Global
	GlobalSection(SolutionConfigurationPlatforms) = preSolution
		Debug|Any CPU = Debug|Any CPU
		Release|Any CPU = Release|Any CPU
	EndGlobalSection
	GlobalSection(ProjectConfigurationPlatforms) = postSolution
		{179BF85B-E955-4BF6-A5E0-7DAFAF7C66D7}.Debug|Any CPU.ActiveCfg = Debug|Any CPU
		{179BF85B-E955-4BF6-A5E0-7DAFAF7C66D7}.Debug|Any CPU.Build.0 = Debug|Any CPU
		{179BF85B-E955-4BF6-A5E0-7DAFAF7C66D7}.Release|Any CPU.ActiveCfg = Release|Any CPU
		{179BF85B-E955-4BF6-A5E0-7DAFAF7C66D7}.Release|Any CPU.Build.0 = Release|Any CPU
	EndGlobalSection
	GlobalSection(SolutionProperties) = preSolution
		HideSolutionNode = FALSE
	EndGlobalSection
	GlobalSection(ExtensibilityGlobals) = postSolution
		SolutionGuid = {C4BC7E29-1F69-4EF1-898E-F2C239AB76D6}
	EndGlobalSection
EndGlobal
