
Microsoft Visual Studio Solution File, Format Version 12.00
# Visual Studio 15
VisualStudioVersion = 15.0.28307.1231
MinimumVisualStudioVersion = 10.0.40219.1
Project("{FAE04EC0-301F-11D3-BF4B-00C04F79EFBC}") = "CarDealership", "CarDealership\CarDealership.csproj", "{F6B96429-D275-486D-803D-149BCB8A8DBE}"
EndProject
Global
	GlobalSection(SolutionConfigurationPlatforms) = preSolution
		Debug|Any CPU = Debug|Any CPU
		Release|Any CPU = Release|Any CPU
	EndGlobalSection
	GlobalSection(ProjectConfigurationPlatforms) = postSolution
		{F6B96429-D275-486D-803D-149BCB8A8DBE}.Debug|Any CPU.ActiveCfg = Debug|Any CPU
		{F6B96429-D275-486D-803D-149BCB8A8DBE}.Debug|Any CPU.Build.0 = Debug|Any CPU
		{F6B96429-D275-486D-803D-149BCB8A8DBE}.Release|Any CPU.ActiveCfg = Release|Any CPU
		{F6B96429-D275-486D-803D-149BCB8A8DBE}.Release|Any CPU.Build.0 = Release|Any CPU
	EndGlobalSection
	GlobalSection(SolutionProperties) = preSolution
		HideSolutionNode = FALSE
	EndGlobalSection
	GlobalSection(ExtensibilityGlobals) = postSolution
		SolutionGuid = {7DEA6944-C00D-4A8C-9857-00D0DB0347AD}
	EndGlobalSection
EndGlobal
