
Microsoft Visual Studio Solution File, Format Version 12.00
# Visual Studio 15
VisualStudioVersion = 15.0.28307.136
MinimumVisualStudioVersion = 10.0.40219.1
Project("{FAE04EC0-301F-11D3-BF4B-00C04F79EFBC}") = "ForTimes", "ForTimes\ForTimes.csproj", "{C8CDAC6A-3DE2-4F4B-AA9F-F2D73A2226CD}"
EndProject
Global
	GlobalSection(SolutionConfigurationPlatforms) = preSolution
		Debug|Any CPU = Debug|Any CPU
		Release|Any CPU = Release|Any CPU
	EndGlobalSection
	GlobalSection(ProjectConfigurationPlatforms) = postSolution
		{C8CDAC6A-3DE2-4F4B-AA9F-F2D73A2226CD}.Debug|Any CPU.ActiveCfg = Debug|Any CPU
		{C8CDAC6A-3DE2-4F4B-AA9F-F2D73A2226CD}.Debug|Any CPU.Build.0 = Debug|Any CPU
		{C8CDAC6A-3DE2-4F4B-AA9F-F2D73A2226CD}.Release|Any CPU.ActiveCfg = Release|Any CPU
		{C8CDAC6A-3DE2-4F4B-AA9F-F2D73A2226CD}.Release|Any CPU.Build.0 = Release|Any CPU
	EndGlobalSection
	GlobalSection(SolutionProperties) = preSolution
		HideSolutionNode = FALSE
	EndGlobalSection
	GlobalSection(ExtensibilityGlobals) = postSolution
		SolutionGuid = {E4ABF2A6-5D35-4E22-80BF-04A904D5B466}
	EndGlobalSection
EndGlobal
